
Microsoft Visual Studio Solution File, Format Version 12.00
# Visual Studio Version 17
VisualStudioVersion = 17.6.33815.320
MinimumVisualStudioVersion = 10.0.40219.1
Project("{FAE04EC0-301F-11D3-BF4B-00C04F79EFBC}") = "schoolServiceUchebkaMukachev", "schoolServiceUchebkaMukachev\schoolServiceUchebkaMukachev.csproj", "{DAF3C95C-D881-4944-8C6C-ED31D0CE42EE}"
EndProject
Global
	GlobalSection(SolutionConfigurationPlatforms) = preSolution
		Debug|Any CPU = Debug|Any CPU
		Release|Any CPU = Release|Any CPU
	EndGlobalSection
	GlobalSection(ProjectConfigurationPlatforms) = postSolution
		{DAF3C95C-D881-4944-8C6C-ED31D0CE42EE}.Debug|Any CPU.ActiveCfg = Debug|Any CPU
		{DAF3C95C-D881-4944-8C6C-ED31D0CE42EE}.Debug|Any CPU.Build.0 = Debug|Any CPU
		{DAF3C95C-D881-4944-8C6C-ED31D0CE42EE}.Release|Any CPU.ActiveCfg = Release|Any CPU
		{DAF3C95C-D881-4944-8C6C-ED31D0CE42EE}.Release|Any CPU.Build.0 = Release|Any CPU
	EndGlobalSection
	GlobalSection(SolutionProperties) = preSolution
		HideSolutionNode = FALSE
	EndGlobalSection
	GlobalSection(ExtensibilityGlobals) = postSolution
		SolutionGuid = {1C268581-D0C3-4450-B623-A697FB14CEB3}
	EndGlobalSection
EndGlobal
